
Microsoft Visual Studio Solution File, Format Version 12.00
# Visual Studio Version 17
VisualStudioVersion = 17.13.35828.75
MinimumVisualStudioVersion = 10.0.40219.1
Project("{FAE04EC0-301F-11D3-BF4B-00C04F79EFBC}") = "FASTSURVEY", "FASTSURVEY\FASTSURVEY.csproj", "{98DC3C12-2F88-462D-9B34-5791F2D05B39}"
	ProjectSection(ProjectDependencies) = postProject
		{2B84C538-B850-463A-8D6A-3560BE78CDBF} = {2B84C538-B850-463A-8D6A-3560BE78CDBF}
	EndProjectSection
EndProject
Project("{FAE04EC0-301F-11D3-BF4B-00C04F79EFBC}") = "SISTEMA_FASTSURVEY.MODEL", "SISTEMA_FASTSURVEY.MODEL\SISTEMA_FASTSURVEY.MODEL.csproj", "{2B84C538-B850-463A-8D6A-3560BE78CDBF}"
EndProject
Global
	GlobalSection(SolutionConfigurationPlatforms) = preSolution
		Debug|Any CPU = Debug|Any CPU
		Release|Any CPU = Release|Any CPU
	EndGlobalSection
	GlobalSection(ProjectConfigurationPlatforms) = postSolution
		{98DC3C12-2F88-462D-9B34-5791F2D05B39}.Debug|Any CPU.ActiveCfg = Debug|Any CPU
		{98DC3C12-2F88-462D-9B34-5791F2D05B39}.Debug|Any CPU.Build.0 = Debug|Any CPU
		{98DC3C12-2F88-462D-9B34-5791F2D05B39}.Release|Any CPU.ActiveCfg = Release|Any CPU
		{98DC3C12-2F88-462D-9B34-5791F2D05B39}.Release|Any CPU.Build.0 = Release|Any CPU
		{2B84C538-B850-463A-8D6A-3560BE78CDBF}.Debug|Any CPU.ActiveCfg = Debug|Any CPU
		{2B84C538-B850-463A-8D6A-3560BE78CDBF}.Debug|Any CPU.Build.0 = Debug|Any CPU
		{2B84C538-B850-463A-8D6A-3560BE78CDBF}.Release|Any CPU.ActiveCfg = Release|Any CPU
		{2B84C538-B850-463A-8D6A-3560BE78CDBF}.Release|Any CPU.Build.0 = Release|Any CPU
	EndGlobalSection
	GlobalSection(SolutionProperties) = preSolution
		HideSolutionNode = FALSE
	EndGlobalSection
	GlobalSection(ExtensibilityGlobals) = postSolution
		SolutionGuid = {2751D1B4-553A-4240-92D1-E4E50F473A9E}
	EndGlobalSection
EndGlobal
